
Microsoft Visual Studio Solution File, Format Version 12.00
# Visual Studio Version 16
VisualStudioVersion = 16.0.30517.126
MinimumVisualStudioVersion = 10.0.40219.1
Project("{FAE04EC0-301F-11D3-BF4B-00C04F79EFBC}") = "Ex02", "Ex02\Ex02.csproj", "{19876DF5-3C49-4956-AC98-67979CE56A5A}"
EndProject
Global
	GlobalSection(SolutionConfigurationPlatforms) = preSolution
		Debug|Any CPU = Debug|Any CPU
		Release|Any CPU = Release|Any CPU
	EndGlobalSection
	GlobalSection(ProjectConfigurationPlatforms) = postSolution
		{19876DF5-3C49-4956-AC98-67979CE56A5A}.Debug|Any CPU.ActiveCfg = Debug|Any CPU
		{19876DF5-3C49-4956-AC98-67979CE56A5A}.Debug|Any CPU.Build.0 = Debug|Any CPU
		{19876DF5-3C49-4956-AC98-67979CE56A5A}.Release|Any CPU.ActiveCfg = Release|Any CPU
		{19876DF5-3C49-4956-AC98-67979CE56A5A}.Release|Any CPU.Build.0 = Release|Any CPU
	EndGlobalSection
	GlobalSection(SolutionProperties) = preSolution
		HideSolutionNode = FALSE
	EndGlobalSection
	GlobalSection(ExtensibilityGlobals) = postSolution
		SolutionGuid = {7C036EE9-6494-46C2-93F9-4C69BC2DCC4E}
	EndGlobalSection
EndGlobal
