
Microsoft Visual Studio Solution File, Format Version 12.00
# Visual Studio Version 16
VisualStudioVersion = 16.0.30517.126
MinimumVisualStudioVersion = 10.0.40219.1
Project("{FAE04EC0-301F-11D3-BF4B-00C04F79EFBC}") = "Ex01", "Ex01\Ex01.csproj", "{B1022C1A-F7D0-4A3C-9F71-640687155E12}"
EndProject
Global
	GlobalSection(SolutionConfigurationPlatforms) = preSolution
		Debug|Any CPU = Debug|Any CPU
		Release|Any CPU = Release|Any CPU
	EndGlobalSection
	GlobalSection(ProjectConfigurationPlatforms) = postSolution
		{B1022C1A-F7D0-4A3C-9F71-640687155E12}.Debug|Any CPU.ActiveCfg = Debug|Any CPU
		{B1022C1A-F7D0-4A3C-9F71-640687155E12}.Debug|Any CPU.Build.0 = Debug|Any CPU
		{B1022C1A-F7D0-4A3C-9F71-640687155E12}.Release|Any CPU.ActiveCfg = Release|Any CPU
		{B1022C1A-F7D0-4A3C-9F71-640687155E12}.Release|Any CPU.Build.0 = Release|Any CPU
	EndGlobalSection
	GlobalSection(SolutionProperties) = preSolution
		HideSolutionNode = FALSE
	EndGlobalSection
	GlobalSection(ExtensibilityGlobals) = postSolution
		SolutionGuid = {302D177B-39A8-4331-B93D-2D8A68B55A80}
	EndGlobalSection
EndGlobal
